
Microsoft Visual Studio Solution File, Format Version 12.00
# Visual Studio 15
VisualStudioVersion = 15.0.26730.16
MinimumVisualStudioVersion = 10.0.40219.1
Project("{FAE04EC0-301F-11D3-BF4B-00C04F79EFBC}") = "WebApplication3", "WebApplication3\WebApplication3.csproj", "{0AEA2047-1A7C-4400-AB35-6D356CA4CAA1}"
EndProject
Global
	GlobalSection(SolutionConfigurationPlatforms) = preSolution
		Debug|Any CPU = Debug|Any CPU
		Release|Any CPU = Release|Any CPU
	EndGlobalSection
	GlobalSection(ProjectConfigurationPlatforms) = postSolution
		{0AEA2047-1A7C-4400-AB35-6D356CA4CAA1}.Debug|Any CPU.ActiveCfg = Debug|Any CPU
		{0AEA2047-1A7C-4400-AB35-6D356CA4CAA1}.Debug|Any CPU.Build.0 = Debug|Any CPU
		{0AEA2047-1A7C-4400-AB35-6D356CA4CAA1}.Release|Any CPU.ActiveCfg = Release|Any CPU
		{0AEA2047-1A7C-4400-AB35-6D356CA4CAA1}.Release|Any CPU.Build.0 = Release|Any CPU
	EndGlobalSection
	GlobalSection(SolutionProperties) = preSolution
		HideSolutionNode = FALSE
	EndGlobalSection
	GlobalSection(ExtensibilityGlobals) = postSolution
		SolutionGuid = {DF0B5F9D-F2E8-4783-86E0-F950879321E2}
	EndGlobalSection
EndGlobal
